// !$*UTF8*$!
{
	archiveVersion = 1;
	classes = {
	};
	objectVersion = 77;
	objects = {

/* Begin PBXBuildFile section */
		02D8AAA79F65F76A46E93D9D /* AddCitySheet.swift in Sources */ = {isa = PBXBuildFile; fileRef = 95CE4E6FDA081D8CD7E83BBC /* AddCitySheet.swift */; };
		C1D2E3F405060708091A2B3C /* VisitRatingModal.swift in Sources */ = {isa = PBXBuildFile; fileRef = D4E5F60718293A4B5C6D7E8F /* VisitRatingModal.swift */; };
		080335AB9F364FA06D8BFB9D /* Supabase in Frameworks */ = {isa = PBXBuildFile; productRef = 7874BA7998AAE699DF1AE785 /* Supabase */; };
		0B887AB4F7DD34343BE5289D /* SupabaseService.swift in Sources */ = {isa = PBXBuildFile; fileRef = 9728E39ACED208659F636542 /* SupabaseService.swift */; };
		0C8F0B10C76AB9689AAFAC90 /* AuthStore.swift in Sources */ = {isa = PBXBuildFile; fileRef = DFD9F65A87B235C86865BA32 /* AuthStore.swift */; };
		1EB5117B34A70635A8E33528 /* MockFeed.swift in Sources */ = {isa = PBXBuildFile; fileRef = 93492AFE90FD0F95B1E393B8 /* MockFeed.swift */; };
		2D71F03308519111CB4DB814 /* TravelProfile.swift in Sources */ = {isa = PBXBuildFile; fileRef = 4F1D29C5166B8ED969DC246C /* TravelProfile.swift */; };
		332F58B97555C6567199F915 /* Config.swift in Sources */ = {isa = PBXBuildFile; fileRef = 8F828A4A1A5BD557BFED2311 /* Config.swift */; };
		4255ACA1CBFFCD4CBAB1581C /* FutureRecommendationsView.swift in Sources */ = {isa = PBXBuildFile; fileRef = A8001B7C5F08518B5C759503 /* FutureRecommendationsView.swift */; };
		441FC79E8C1D63E0252CDFE5 /* Attractions.swift in Sources */ = {isa = PBXBuildFile; fileRef = CE9665E4A72AFB805C8C14BD /* Attractions.swift */; };
		660C6D968E2C7F3C7C66C2F9 /* CityCardView.swift in Sources */ = {isa = PBXBuildFile; fileRef = 8992597B85FE41028537F72B /* CityCardView.swift */; };
		6A202845AAC670609E10EDF2 /* ProfileView.swift in Sources */ = {isa = PBXBuildFile; fileRef = 77B65F7084769ACFCE049E8B /* ProfileView.swift */; };
		6C9BABE1A355355B12BAB7B6 /* Theme.swift in Sources */ = {isa = PBXBuildFile; fileRef = D359A224503F6C2FE38B032C /* Theme.swift */; };
		762DB8448D1312E5C4A3630E /* City.swift in Sources */ = {isa = PBXBuildFile; fileRef = 317E3082ADE7BF5810BD75D3 /* City.swift */; };
		891A88CE171EB832E9E24382 /* ListsView.swift in Sources */ = {isa = PBXBuildFile; fileRef = E7E183E9A5963F37D1A688F6 /* ListsView.swift */; };
		94A2FAC80C29EC15E3E93AAA /* ContentRootView.swift in Sources */ = {isa = PBXBuildFile; fileRef = 9598A820F6F31A68532FFFCA /* ContentRootView.swift */; };
		9BF152D6A589AF4E0307CB68 /* SonderApp.swift in Sources */ = {isa = PBXBuildFile; fileRef = 8831083E2685BA79BBDC1951 /* SonderApp.swift */; };
		B3F61DB8CEF82660B7A013C7 /* BottomTabBar.swift in Sources */ = {isa = PBXBuildFile; fileRef = E0E7A8F3ACE3CB4C1B5348B5 /* BottomTabBar.swift */; };
		C57E70D697D9079DB60B7B34 /* TravelMapView.swift in Sources */ = {isa = PBXBuildFile; fileRef = B84ECEB8C02CD23A29CB5634 /* TravelMapView.swift */; };
		C9F5444CF0AA55C288ADE3E7 /* AuthScreen.swift in Sources */ = {isa = PBXBuildFile; fileRef = 9E89D86C49E7C9085B82CE94 /* AuthScreen.swift */; };
		CAE5CA735E4A44964BF71416 /* ClaudeService.swift in Sources */ = {isa = PBXBuildFile; fileRef = 8DE2C616F0461AB9C97DCFCC /* ClaudeService.swift */; };
		E4C1A82B5F903D1C2A8B7E6F /* CitySearchCompleterService.swift in Sources */ = {isa = PBXBuildFile; fileRef = F7D2B91C4E803A0B9C1D5E8A /* CitySearchCompleterService.swift */; };
		A3C9E81D2B704F9182736451 /* AttractionPOISearchService.swift in Sources */ = {isa = PBXBuildFile; fileRef = B8F1D02E3A914C65A1B2C3D4 /* AttractionPOISearchService.swift */; };
		D480A2F9B2C3F57504142418 /* FeedView.swift in Sources */ = {isa = PBXBuildFile; fileRef = 19A20A16B6327BB7798A64D2 /* FeedView.swift */; };
		F3C192BDDA506557410D8694 /* AppStore.swift in Sources */ = {isa = PBXBuildFile; fileRef = 91F16EF3C8881B09568DCB64 /* AppStore.swift */; };
/* End PBXBuildFile section */

/* Begin PBXFileReference section */
		19A20A16B6327BB7798A64D2 /* FeedView.swift */ = {isa = PBXFileReference; lastKnownFileType = sourcecode.swift; path = FeedView.swift; sourceTree = "<group>"; };
		317E3082ADE7BF5810BD75D3 /* City.swift */ = {isa = PBXFileReference; lastKnownFileType = sourcecode.swift; path = City.swift; sourceTree = "<group>"; };
		41B782B7B02B14786DBF708B /* Info.plist */ = {isa = PBXFileReference; lastKnownFileType = text.plist; path = Info.plist; sourceTree = "<group>"; };
		4B002CF52F4874F858276F1C /* Sonder.app */ = {isa = PBXFileReference; includeInIndex = 0; lastKnownFileType = wrapper.application; path = Sonder.app; sourceTree = BUILT_PRODUCTS_DIR; };
		4F1D29C5166B8ED969DC246C /* TravelProfile.swift */ = {isa = PBXFileReference; lastKnownFileType = sourcecode.swift; path = TravelProfile.swift; sourceTree = "<group>"; };
		77B65F7084769ACFCE049E8B /* ProfileView.swift */ = {isa = PBXFileReference; lastKnownFileType = sourcecode.swift; path = ProfileView.swift; sourceTree = "<group>"; };
		8831083E2685BA79BBDC1951 /* SonderApp.swift */ = {isa = PBXFileReference; lastKnownFileType = sourcecode.swift; path = SonderApp.swift; sourceTree = "<group>"; };
		8992597B85FE41028537F72B /* CityCardView.swift */ = {isa = PBXFileReference; lastKnownFileType = sourcecode.swift; path = CityCardView.swift; sourceTree = "<group>"; };
		8DE2C616F0461AB9C97DCFCC /* ClaudeService.swift */ = {isa = PBXFileReference; lastKnownFileType = sourcecode.swift; path = ClaudeService.swift; sourceTree = "<group>"; };
		8F828A4A1A5BD557BFED2311 /* Config.swift */ = {isa = PBXFileReference; lastKnownFileType = sourcecode.swift; path = Config.swift; sourceTree = "<group>"; };
		91F16EF3C8881B09568DCB64 /* AppStore.swift */ = {isa = PBXFileReference; lastKnownFileType = sourcecode.swift; path = AppStore.swift; sourceTree = "<group>"; };
		93492AFE90FD0F95B1E393B8 /* MockFeed.swift */ = {isa = PBXFileReference; lastKnownFileType = sourcecode.swift; path = MockFeed.swift; sourceTree = "<group>"; };
		9598A820F6F31A68532FFFCA /* ContentRootView.swift */ = {isa = PBXFileReference; lastKnownFileType = sourcecode.swift; path = ContentRootView.swift; sourceTree = "<group>"; };
		95CE4E6FDA081D8CD7E83BBC /* AddCitySheet.swift */ = {isa = PBXFileReference; lastKnownFileType = sourcecode.swift; path = AddCitySheet.swift; sourceTree = "<group>"; };
		D4E5F60718293A4B5C6D7E8F /* VisitRatingModal.swift */ = {isa = PBXFileReference; lastKnownFileType = sourcecode.swift; path = VisitRatingModal.swift; sourceTree = "<group>"; };
		9728E39ACED208659F636542 /* SupabaseService.swift */ = {isa = PBXFileReference; lastKnownFileType = sourcecode.swift; path = SupabaseService.swift; sourceTree = "<group>"; };
		9E89D86C49E7C9085B82CE94 /* AuthScreen.swift */ = {isa = PBXFileReference; lastKnownFileType = sourcecode.swift; path = AuthScreen.swift; sourceTree = "<group>"; };
		A8001B7C5F08518B5C759503 /* FutureRecommendationsView.swift */ = {isa = PBXFileReference; lastKnownFileType = sourcecode.swift; path = FutureRecommendationsView.swift; sourceTree = "<group>"; };
		B84ECEB8C02CD23A29CB5634 /* TravelMapView.swift */ = {isa = PBXFileReference; lastKnownFileType = sourcecode.swift; path = TravelMapView.swift; sourceTree = "<group>"; };
		CE9665E4A72AFB805C8C14BD /* Attractions.swift */ = {isa = PBXFileReference; lastKnownFileType = sourcecode.swift; path = Attractions.swift; sourceTree = "<group>"; };
		F7D2B91C4E803A0B9C1D5E8A /* CitySearchCompleterService.swift */ = {isa = PBXFileReference; lastKnownFileType = sourcecode.swift; path = CitySearchCompleterService.swift; sourceTree = "<group>"; };
		B8F1D02E3A914C65A1B2C3D4 /* AttractionPOISearchService.swift */ = {isa = PBXFileReference; lastKnownFileType = sourcecode.swift; path = AttractionPOISearchService.swift; sourceTree = "<group>"; };
		D359A224503F6C2FE38B032C /* Theme.swift */ = {isa = PBXFileReference; lastKnownFileType = sourcecode.swift; path = Theme.swift; sourceTree = "<group>"; };
		DFD9F65A87B235C86865BA32 /* AuthStore.swift */ = {isa = PBXFileReference; lastKnownFileType = sourcecode.swift; path = AuthStore.swift; sourceTree = "<group>"; };
		E0E7A8F3ACE3CB4C1B5348B5 /* BottomTabBar.swift */ = {isa = PBXFileReference; lastKnownFileType = sourcecode.swift; path = BottomTabBar.swift; sourceTree = "<group>"; };
		E7E183E9A5963F37D1A688F6 /* ListsView.swift */ = {isa = PBXFileReference; lastKnownFileType = sourcecode.swift; path = ListsView.swift; sourceTree = "<group>"; };
/* End PBXFileReference section */

/* Begin PBXFrameworksBuildPhase section */
		932A18F8F2E38ABCEF887947 /* Frameworks */ = {
			isa = PBXFrameworksBuildPhase;
			buildActionMask = 2147483647;
			files = (
				080335AB9F364FA06D8BFB9D /* Supabase in Frameworks */,
			);
			runOnlyForDeploymentPostprocessing = 0;
		};
/* End PBXFrameworksBuildPhase section */

/* Begin PBXGroup section */
		07DF656A3C217AEE84AC0CC4 /* Tabs */ = {
			isa = PBXGroup;
			children = (
				19A20A16B6327BB7798A64D2 /* FeedView.swift */,
				E7E183E9A5963F37D1A688F6 /* ListsView.swift */,
				77B65F7084769ACFCE049E8B /* ProfileView.swift */,
				B84ECEB8C02CD23A29CB5634 /* TravelMapView.swift */,
			);
			path = Tabs;
			sourceTree = "<group>";
		};
		092BCA1917D21C9CF0596D67 /* Theme */ = {
			isa = PBXGroup;
			children = (
				D359A224503F6C2FE38B032C /* Theme.swift */,
			);
			path = Theme;
			sourceTree = "<group>";
		};
		2ECC826B241ED452E1970831 /* Shared */ = {
			isa = PBXGroup;
			children = (
				95CE4E6FDA081D8CD7E83BBC /* AddCitySheet.swift */,
				E0E7A8F3ACE3CB4C1B5348B5 /* BottomTabBar.swift */,
				D4E5F60718293A4B5C6D7E8F /* VisitRatingModal.swift */,
				8992597B85FE41028537F72B /* CityCardView.swift */,
				A8001B7C5F08518B5C759503 /* FutureRecommendationsView.swift */,
			);
			path = Shared;
			sourceTree = "<group>";
		};
		6BA67713621EBA1E99BB70AA /* Products */ = {
			isa = PBXGroup;
			children = (
				4B002CF52F4874F858276F1C /* Sonder.app */,
			);
			name = Products;
			sourceTree = "<group>";
		};
		7769F9F68E14041C3E19AEF3 /* Views */ = {
			isa = PBXGroup;
			children = (
				9598A820F6F31A68532FFFCA /* ContentRootView.swift */,
				2ECC826B241ED452E1970831 /* Shared */,
				07DF656A3C217AEE84AC0CC4 /* Tabs */,
			);
			path = Views;
			sourceTree = "<group>";
		};
		AD7B0D1D9A5A35AEA722EA01 /* Auth */ = {
			isa = PBXGroup;
			children = (
				9E89D86C49E7C9085B82CE94 /* AuthScreen.swift */,
				DFD9F65A87B235C86865BA32 /* AuthStore.swift */,
			);
			path = Auth;
			sourceTree = "<group>";
		};
		D5E70EA1FF1BC85761140A96 /* Services */ = {
			isa = PBXGroup;
			children = (
				B8F1D02E3A914C65A1B2C3D4 /* AttractionPOISearchService.swift */,
				F7D2B91C4E803A0B9C1D5E8A /* CitySearchCompleterService.swift */,
				8DE2C616F0461AB9C97DCFCC /* ClaudeService.swift */,
				9728E39ACED208659F636542 /* SupabaseService.swift */,
			);
			path = Services;
			sourceTree = "<group>";
		};
		DB2B1382652E7CDACF77B0B8 /* Models */ = {
			isa = PBXGroup;
			children = (
				317E3082ADE7BF5810BD75D3 /* City.swift */,
				4F1D29C5166B8ED969DC246C /* TravelProfile.swift */,
			);
			path = Models;
			sourceTree = "<group>";
		};
		DE256598F969C86AD31FA4CB = {
			isa = PBXGroup;
			children = (
				E236256A62226A02ABE6DECD /* Sonder */,
				6BA67713621EBA1E99BB70AA /* Products */,
			);
			sourceTree = "<group>";
		};
		E236256A62226A02ABE6DECD /* Sonder */ = {
			isa = PBXGroup;
			children = (
				91F16EF3C8881B09568DCB64 /* AppStore.swift */,
				8F828A4A1A5BD557BFED2311 /* Config.swift */,
				41B782B7B02B14786DBF708B /* Info.plist */,
				8831083E2685BA79BBDC1951 /* SonderApp.swift */,
				AD7B0D1D9A5A35AEA722EA01 /* Auth */,
				E32FD9580DD281C9B8C2F8C6 /* Data */,
				DB2B1382652E7CDACF77B0B8 /* Models */,
				D5E70EA1FF1BC85761140A96 /* Services */,
				092BCA1917D21C9CF0596D67 /* Theme */,
				7769F9F68E14041C3E19AEF3 /* Views */,
			);
			path = Sonder;
			sourceTree = "<group>";
		};
		E32FD9580DD281C9B8C2F8C6 /* Data */ = {
			isa = PBXGroup;
			children = (
				CE9665E4A72AFB805C8C14BD /* Attractions.swift */,
				93492AFE90FD0F95B1E393B8 /* MockFeed.swift */,
			);
			path = Data;
			sourceTree = "<group>";
		};
/* End PBXGroup section */

/* Begin PBXNativeTarget section */
		2DCEE90517D6ED5DFBE71D1C /* Sonder */ = {
			isa = PBXNativeTarget;
			buildConfigurationList = 7D98349506438670CF50D691 /* Build configuration list for PBXNativeTarget "Sonder" */;
			buildPhases = (
				F251C8A52D7D5538D78BBDA0 /* Sources */,
				932A18F8F2E38ABCEF887947 /* Frameworks */,
			);
			buildRules = (
			);
			dependencies = (
			);
			name = Sonder;
			packageProductDependencies = (
				7874BA7998AAE699DF1AE785 /* Supabase */,
			);
			productName = Sonder;
			productReference = 4B002CF52F4874F858276F1C /* Sonder.app */;
			productType = "com.apple.product-type.application";
		};
/* End PBXNativeTarget section */

/* Begin PBXProject section */
		5206BF6B5D9E03360B51C784 /* Project object */ = {
			isa = PBXProject;
			attributes = {
				BuildIndependentTargetsInParallel = YES;
				LastUpgradeCheck = 1500;
				TargetAttributes = {
				};
			};
			buildConfigurationList = FC5991BBB91E07170A7618D5 /* Build configuration list for PBXProject "Sonder" */;
			developmentRegion = en;
			hasScannedForEncodings = 0;
			knownRegions = (
				Base,
				en,
			);
			mainGroup = DE256598F969C86AD31FA4CB;
			minimizedProjectReferenceProxies = 1;
			packageReferences = (
				37E783C918BB7BBC7185680D /* XCRemoteSwiftPackageReference "supabase-swift" */,
			);
			preferredProjectObjectVersion = 77;
			productRefGroup = 6BA67713621EBA1E99BB70AA /* Products */;
			projectDirPath = "";
			projectRoot = "";
			targets = (
				2DCEE90517D6ED5DFBE71D1C /* Sonder */,
			);
		};
/* End PBXProject section */

/* Begin PBXSourcesBuildPhase section */
		F251C8A52D7D5538D78BBDA0 /* Sources */ = {
			isa = PBXSourcesBuildPhase;
			buildActionMask = 2147483647;
			files = (
				02D8AAA79F65F76A46E93D9D /* AddCitySheet.swift in Sources */,
				C1D2E3F405060708091A2B3C /* VisitRatingModal.swift in Sources */,
				F3C192BDDA506557410D8694 /* AppStore.swift in Sources */,
				441FC79E8C1D63E0252CDFE5 /* Attractions.swift in Sources */,
				C9F5444CF0AA55C288ADE3E7 /* AuthScreen.swift in Sources */,
				0C8F0B10C76AB9689AAFAC90 /* AuthStore.swift in Sources */,
				B3F61DB8CEF82660B7A013C7 /* BottomTabBar.swift in Sources */,
				762DB8448D1312E5C4A3630E /* City.swift in Sources */,
				660C6D968E2C7F3C7C66C2F9 /* CityCardView.swift in Sources */,
				E4C1A82B5F903D1C2A8B7E6F /* CitySearchCompleterService.swift in Sources */,
				A3C9E81D2B704F9182736451 /* AttractionPOISearchService.swift in Sources */,
				CAE5CA735E4A44964BF71416 /* ClaudeService.swift in Sources */,
				332F58B97555C6567199F915 /* Config.swift in Sources */,
				94A2FAC80C29EC15E3E93AAA /* ContentRootView.swift in Sources */,
				D480A2F9B2C3F57504142418 /* FeedView.swift in Sources */,
				4255ACA1CBFFCD4CBAB1581C /* FutureRecommendationsView.swift in Sources */,
				891A88CE171EB832E9E24382 /* ListsView.swift in Sources */,
				1EB5117B34A70635A8E33528 /* MockFeed.swift in Sources */,
				6A202845AAC670609E10EDF2 /* ProfileView.swift in Sources */,
				9BF152D6A589AF4E0307CB68 /* SonderApp.swift in Sources */,
				0B887AB4F7DD34343BE5289D /* SupabaseService.swift in Sources */,
				6C9BABE1A355355B12BAB7B6 /* Theme.swift in Sources */,
				C57E70D697D9079DB60B7B34 /* TravelMapView.swift in Sources */,
				2D71F03308519111CB4DB814 /* TravelProfile.swift in Sources */,
			);
			runOnlyForDeploymentPostprocessing = 0;
		};
/* End PBXSourcesBuildPhase section */

/* Begin XCBuildConfiguration section */
		3A9B0BE1D1633703DC670967 /* Release */ = {
			isa = XCBuildConfiguration;
			buildSettings = {
				ALWAYS_SEARCH_USER_PATHS = NO;
				CLANG_ANALYZER_NONNULL = YES;
				CLANG_ANALYZER_NUMBER_OBJECT_CONVERSION = YES_AGGRESSIVE;
				CLANG_CXX_LANGUAGE_STANDARD = "gnu++14";
				CLANG_CXX_LIBRARY = "libc++";
				CLANG_ENABLE_MODULES = YES;
				CLANG_ENABLE_OBJC_ARC = YES;
				CLANG_ENABLE_OBJC_WEAK = YES;
				CLANG_WARN_BLOCK_CAPTURE_AUTORELEASING = YES;
				CLANG_WARN_BOOL_CONVERSION = YES;
				CLANG_WARN_COMMA = YES;
				CLANG_WARN_CONSTANT_CONVERSION = YES;
				CLANG_WARN_DEPRECATED_OBJC_IMPLEMENTATIONS = YES;
				CLANG_WARN_DIRECT_OBJC_ISA_USAGE = YES_ERROR;
				CLANG_WARN_DOCUMENTATION_COMMENTS = YES;
				CLANG_WARN_EMPTY_BODY = YES;
				CLANG_WARN_ENUM_CONVERSION = YES;
				CLANG_WARN_INFINITE_RECURSION = YES;
				CLANG_WARN_INT_CONVERSION = YES;
				CLANG_WARN_NON_LITERAL_NULL_CONVERSION = YES;
				CLANG_WARN_OBJC_IMPLICIT_RETAIN_SELF = YES;
				CLANG_WARN_OBJC_LITERAL_CONVERSION = YES;
				CLANG_WARN_OBJC_ROOT_CLASS = YES_ERROR;
				CLANG_WARN_QUOTED_INCLUDE_IN_FRAMEWORK_HEADER = YES;
				CLANG_WARN_RANGE_LOOP_ANALYSIS = YES;
				CLANG_WARN_STRICT_PROTOTYPES = YES;
				CLANG_WARN_SUSPICIOUS_MOVE = YES;
				CLANG_WARN_UNGUARDED_AVAILABILITY = YES_AGGRESSIVE;
				CLANG_WARN_UNREACHABLE_CODE = YES;
				CLANG_WARN__DUPLICATE_METHOD_MATCH = YES;
				COPY_PHASE_STRIP = NO;
				DEBUG_INFORMATION_FORMAT = "dwarf-with-dsym";
				ENABLE_NS_ASSERTIONS = NO;
				ENABLE_STRICT_OBJC_MSGSEND = YES;
				GCC_C_LANGUAGE_STANDARD = gnu11;
				GCC_NO_COMMON_BLOCKS = YES;
				GCC_WARN_64_TO_32_BIT_CONVERSION = YES;
				GCC_WARN_ABOUT_RETURN_TYPE = YES_ERROR;
				GCC_WARN_UNDECLARED_SELECTOR = YES;
				GCC_WARN_UNINITIALIZED_AUTOS = YES_AGGRESSIVE;
				GCC_WARN_UNUSED_FUNCTION = YES;
				GCC_WARN_UNUSED_VARIABLE = YES;
				IPHONEOS_DEPLOYMENT_TARGET = 17.0;
				MTL_ENABLE_DEBUG_INFO = NO;
				MTL_FAST_MATH = YES;
				PRODUCT_NAME = "$(TARGET_NAME)";
				SDKROOT = iphoneos;
				SWIFT_COMPILATION_MODE = wholemodule;
				SWIFT_OPTIMIZATION_LEVEL = "-O";
				SWIFT_VERSION = 5.0;
			};
			name = Release;
		};
		52327BF12AB233E1F10FABC4 /* Debug */ = {
			isa = XCBuildConfiguration;
			buildSettings = {
				ALWAYS_SEARCH_USER_PATHS = NO;
				CLANG_ANALYZER_NONNULL = YES;
				CLANG_ANALYZER_NUMBER_OBJECT_CONVERSION = YES_AGGRESSIVE;
				CLANG_CXX_LANGUAGE_STANDARD = "gnu++14";
				CLANG_CXX_LIBRARY = "libc++";
				CLANG_ENABLE_MODULES = YES;
				CLANG_ENABLE_OBJC_ARC = YES;
				CLANG_ENABLE_OBJC_WEAK = YES;
				CLANG_WARN_BLOCK_CAPTURE_AUTORELEASING = YES;
				CLANG_WARN_BOOL_CONVERSION = YES;
				CLANG_WARN_COMMA = YES;
				CLANG_WARN_CONSTANT_CONVERSION = YES;
				CLANG_WARN_DEPRECATED_OBJC_IMPLEMENTATIONS = YES;
				CLANG_WARN_DIRECT_OBJC_ISA_USAGE = YES_ERROR;
				CLANG_WARN_DOCUMENTATION_COMMENTS = YES;
				CLANG_WARN_EMPTY_BODY = YES;
				CLANG_WARN_ENUM_CONVERSION = YES;
				CLANG_WARN_INFINITE_RECURSION = YES;
				CLANG_WARN_INT_CONVERSION = YES;
				CLANG_WARN_NON_LITERAL_NULL_CONVERSION = YES;
				CLANG_WARN_OBJC_IMPLICIT_RETAIN_SELF = YES;
				CLANG_WARN_OBJC_LITERAL_CONVERSION = YES;
				CLANG_WARN_OBJC_ROOT_CLASS = YES_ERROR;
				CLANG_WARN_QUOTED_INCLUDE_IN_FRAMEWORK_HEADER = YES;
				CLANG_WARN_RANGE_LOOP_ANALYSIS = YES;
				CLANG_WARN_STRICT_PROTOTYPES = YES;
				CLANG_WARN_SUSPICIOUS_MOVE = YES;
				CLANG_WARN_UNGUARDED_AVAILABILITY = YES_AGGRESSIVE;
				CLANG_WARN_UNREACHABLE_CODE = YES;
				CLANG_WARN__DUPLICATE_METHOD_MATCH = YES;
				COPY_PHASE_STRIP = NO;
				DEBUG_INFORMATION_FORMAT = dwarf;
				ENABLE_STRICT_OBJC_MSGSEND = YES;
				ENABLE_TESTABILITY = YES;
				GCC_C_LANGUAGE_STANDARD = gnu11;
				GCC_DYNAMIC_NO_PIC = NO;
				GCC_NO_COMMON_BLOCKS = YES;
				GCC_OPTIMIZATION_LEVEL = 0;
				GCC_PREPROCESSOR_DEFINITIONS = (
					"$(inherited)",
					"DEBUG=1",
				);
				GCC_WARN_64_TO_32_BIT_CONVERSION = YES;
				GCC_WARN_ABOUT_RETURN_TYPE = YES_ERROR;
				GCC_WARN_UNDECLARED_SELECTOR = YES;
				GCC_WARN_UNINITIALIZED_AUTOS = YES_AGGRESSIVE;
				GCC_WARN_UNUSED_FUNCTION = YES;
				GCC_WARN_UNUSED_VARIABLE = YES;
				IPHONEOS_DEPLOYMENT_TARGET = 17.0;
				MTL_ENABLE_DEBUG_INFO = INCLUDE_SOURCE;
				MTL_FAST_MATH = YES;
				ONLY_ACTIVE_ARCH = YES;
				PRODUCT_NAME = "$(TARGET_NAME)";
				SDKROOT = iphoneos;
				SWIFT_ACTIVE_COMPILATION_CONDITIONS = DEBUG;
				SWIFT_OPTIMIZATION_LEVEL = "-Onone";
				SWIFT_VERSION = 5.0;
			};
			name = Debug;
		};
		BBEB9662CEBB79C3A4B1A299 /* Debug */ = {
			isa = XCBuildConfiguration;
			buildSettings = {
				ASSETCATALOG_COMPILER_APPICON_NAME = AppIcon;
				CODE_SIGN_IDENTITY = "iPhone Developer";
				ENABLE_PREVIEWS = YES;
				INFOPLIST_FILE = Sonder/Info.plist;
				LD_RUNPATH_SEARCH_PATHS = (
					"$(inherited)",
					"@executable_path/Frameworks",
				);
				PRODUCT_BUNDLE_IDENTIFIER = com.sonder.app;
				SDKROOT = iphoneos;
				SWIFT_EMIT_LOC_STRINGS = YES;
				TARGETED_DEVICE_FAMILY = "1,2";
			};
			name = Debug;
		};
		E54DA9053425E71341FF0D3F /* Release */ = {
			isa = XCBuildConfiguration;
			buildSettings = {
				ASSETCATALOG_COMPILER_APPICON_NAME = AppIcon;
				CODE_SIGN_IDENTITY = "iPhone Developer";
				ENABLE_PREVIEWS = YES;
				INFOPLIST_FILE = Sonder/Info.plist;
				LD_RUNPATH_SEARCH_PATHS = (
					"$(inherited)",
					"@executable_path/Frameworks",
				);
				PRODUCT_BUNDLE_IDENTIFIER = com.sonder.app;
				SDKROOT = iphoneos;
				SWIFT_EMIT_LOC_STRINGS = YES;
				TARGETED_DEVICE_FAMILY = "1,2";
			};
			name = Release;
		};
/* End XCBuildConfiguration section */

/* Begin XCConfigurationList section */
		7D98349506438670CF50D691 /* Build configuration list for PBXNativeTarget "Sonder" */ = {
			isa = XCConfigurationList;
			buildConfigurations = (
				BBEB9662CEBB79C3A4B1A299 /* Debug */,
				E54DA9053425E71341FF0D3F /* Release */,
			);
			defaultConfigurationIsVisible = 0;
			defaultConfigurationName = Debug;
		};
		FC5991BBB91E07170A7618D5 /* Build configuration list for PBXProject "Sonder" */ = {
			isa = XCConfigurationList;
			buildConfigurations = (
				52327BF12AB233E1F10FABC4 /* Debug */,
				3A9B0BE1D1633703DC670967 /* Release */,
			);
			defaultConfigurationIsVisible = 0;
			defaultConfigurationName = Debug;
		};
/* End XCConfigurationList section */

/* Begin XCRemoteSwiftPackageReference section */
		37E783C918BB7BBC7185680D /* XCRemoteSwiftPackageReference "supabase-swift" */ = {
			isa = XCRemoteSwiftPackageReference;
			repositoryURL = "https://github.com/supabase/supabase-swift";
			requirement = {
				kind = upToNextMajorVersion;
				minimumVersion = 2.0.0;
			};
		};
/* End XCRemoteSwiftPackageReference section */

/* Begin XCSwiftPackageProductDependency section */
		7874BA7998AAE699DF1AE785 /* Supabase */ = {
			isa = XCSwiftPackageProductDependency;
			package = 37E783C918BB7BBC7185680D /* XCRemoteSwiftPackageReference "supabase-swift" */;
			productName = Supabase;
		};
/* End XCSwiftPackageProductDependency section */
	};
	rootObject = 5206BF6B5D9E03360B51C784 /* Project object */;
}
